
Microsoft Visual Studio Solution File, Format Version 12.00
# Visual Studio Version 17
VisualStudioVersion = 17.9.34622.214
MinimumVisualStudioVersion = 10.0.40219.1
Project("{9A19103F-16F7-4668-BE54-9A1E7A4F7556}") = "Essential1.4", "Essential1.4\Essential1.4.csproj", "{84C34937-AB06-4EC4-93A0-4B7B1A625762}"
EndProject
Project("{9A19103F-16F7-4668-BE54-9A1E7A4F7556}") = "ConsoleApp1", "ConsoleApp1\ConsoleApp1.csproj", "{E5E70536-F6FB-4D40-9614-1FF2490265D5}"
EndProject
Project("{FAE04EC0-301F-11D3-BF4B-00C04F79EFBC}") = "Essential1.5", "Essential1.5\Essential1.5.csproj", "{33A6AD1C-60C2-4B74-8F90-309B010FE7AE}"
EndProject
Project("{FAE04EC0-301F-11D3-BF4B-00C04F79EFBC}") = "Homework", "Homework\Homework.csproj", "{604577AA-0ED6-4118-9544-6946E33B816C}"
EndProject
Global
	GlobalSection(SolutionConfigurationPlatforms) = preSolution
		Debug|Any CPU = Debug|Any CPU
		Release|Any CPU = Release|Any CPU
	EndGlobalSection
	GlobalSection(ProjectConfigurationPlatforms) = postSolution
		{84C34937-AB06-4EC4-93A0-4B7B1A625762}.Debug|Any CPU.ActiveCfg = Debug|Any CPU
		{84C34937-AB06-4EC4-93A0-4B7B1A625762}.Debug|Any CPU.Build.0 = Debug|Any CPU
		{84C34937-AB06-4EC4-93A0-4B7B1A625762}.Release|Any CPU.ActiveCfg = Release|Any CPU
		{84C34937-AB06-4EC4-93A0-4B7B1A625762}.Release|Any CPU.Build.0 = Release|Any CPU
		{E5E70536-F6FB-4D40-9614-1FF2490265D5}.Debug|Any CPU.ActiveCfg = Debug|Any CPU
		{E5E70536-F6FB-4D40-9614-1FF2490265D5}.Debug|Any CPU.Build.0 = Debug|Any CPU
		{E5E70536-F6FB-4D40-9614-1FF2490265D5}.Release|Any CPU.ActiveCfg = Release|Any CPU
		{E5E70536-F6FB-4D40-9614-1FF2490265D5}.Release|Any CPU.Build.0 = Release|Any CPU
		{33A6AD1C-60C2-4B74-8F90-309B010FE7AE}.Debug|Any CPU.ActiveCfg = Debug|Any CPU
		{33A6AD1C-60C2-4B74-8F90-309B010FE7AE}.Debug|Any CPU.Build.0 = Debug|Any CPU
		{33A6AD1C-60C2-4B74-8F90-309B010FE7AE}.Release|Any CPU.ActiveCfg = Release|Any CPU
		{33A6AD1C-60C2-4B74-8F90-309B010FE7AE}.Release|Any CPU.Build.0 = Release|Any CPU
		{604577AA-0ED6-4118-9544-6946E33B816C}.Debug|Any CPU.ActiveCfg = Debug|Any CPU
		{604577AA-0ED6-4118-9544-6946E33B816C}.Debug|Any CPU.Build.0 = Debug|Any CPU
		{604577AA-0ED6-4118-9544-6946E33B816C}.Release|Any CPU.ActiveCfg = Release|Any CPU
		{604577AA-0ED6-4118-9544-6946E33B816C}.Release|Any CPU.Build.0 = Release|Any CPU
	EndGlobalSection
	GlobalSection(SolutionProperties) = preSolution
		HideSolutionNode = FALSE
	EndGlobalSection
	GlobalSection(ExtensibilityGlobals) = postSolution
		SolutionGuid = {0CAFF9AC-5E44-4FCB-A50D-5DA0C1F2B2ED}
	EndGlobalSection
EndGlobal
